
Microsoft Visual Studio Solution File, Format Version 12.00
# Visual Studio Version 17
VisualStudioVersion = 17.10.35013.160
MinimumVisualStudioVersion = 10.0.40219.1
Project("{FAE04EC0-301F-11D3-BF4B-00C04F79EFBC}") = "Povezivanje GUI sa DB", "Povezivanje GUI sa DB\Povezivanje GUI sa DB.csproj", "{8C7593D8-45C2-4592-B1C8-197F7FD6AFB7}"
EndProject
Global
	GlobalSection(SolutionConfigurationPlatforms) = preSolution
		Debug|Any CPU = Debug|Any CPU
		Release|Any CPU = Release|Any CPU
	EndGlobalSection
	GlobalSection(ProjectConfigurationPlatforms) = postSolution
		{8C7593D8-45C2-4592-B1C8-197F7FD6AFB7}.Debug|Any CPU.ActiveCfg = Debug|Any CPU
		{8C7593D8-45C2-4592-B1C8-197F7FD6AFB7}.Debug|Any CPU.Build.0 = Debug|Any CPU
		{8C7593D8-45C2-4592-B1C8-197F7FD6AFB7}.Release|Any CPU.ActiveCfg = Release|Any CPU
		{8C7593D8-45C2-4592-B1C8-197F7FD6AFB7}.Release|Any CPU.Build.0 = Release|Any CPU
	EndGlobalSection
	GlobalSection(SolutionProperties) = preSolution
		HideSolutionNode = FALSE
	EndGlobalSection
	GlobalSection(ExtensibilityGlobals) = postSolution
		SolutionGuid = {52B9B1C2-7752-427F-8030-91D226FC4E20}
	EndGlobalSection
EndGlobal
